
Microsoft Visual Studio Solution File, Format Version 12.00
# Visual Studio 15
VisualStudioVersion = 15.0.28307.168
MinimumVisualStudioVersion = 10.0.40219.1
Project("{FAE04EC0-301F-11D3-BF4B-00C04F79EFBC}") = "CalculatingTestAverages1", "CalculatingAverages4\CalculatingTestAverages1.csproj", "{C9136535-2A61-4187-8A70-663A1D521365}"
EndProject
Global
	GlobalSection(SolutionConfigurationPlatforms) = preSolution
		Debug|Any CPU = Debug|Any CPU
		Release|Any CPU = Release|Any CPU
	EndGlobalSection
	GlobalSection(ProjectConfigurationPlatforms) = postSolution
		{C9136535-2A61-4187-8A70-663A1D521365}.Debug|Any CPU.ActiveCfg = Debug|Any CPU
		{C9136535-2A61-4187-8A70-663A1D521365}.Debug|Any CPU.Build.0 = Debug|Any CPU
		{C9136535-2A61-4187-8A70-663A1D521365}.Release|Any CPU.ActiveCfg = Release|Any CPU
		{C9136535-2A61-4187-8A70-663A1D521365}.Release|Any CPU.Build.0 = Release|Any CPU
	EndGlobalSection
	GlobalSection(SolutionProperties) = preSolution
		HideSolutionNode = FALSE
	EndGlobalSection
	GlobalSection(ExtensibilityGlobals) = postSolution
		SolutionGuid = {160322EA-E543-48C7-BFF8-BC7800CEEA48}
	EndGlobalSection
EndGlobal
